
Microsoft Visual Studio Solution File, Format Version 12.00
# Visual Studio 2012
Project("{8BC9CEB8-8B4A-11D0-8D11-00A0C91BC942}") = "ThrustMeasurement", "ThrustMeasurement\ThrustMeasurement.vcxproj", "{A70B8C0E-10C0-4F6F-9493-736C2E9BE8E3}"
EndProject
Global
	GlobalSection(SolutionConfigurationPlatforms) = preSolution
		Debug|Win32 = Debug|Win32
		Release|Win32 = Release|Win32
	EndGlobalSection
	GlobalSection(ProjectConfigurationPlatforms) = postSolution
		{A70B8C0E-10C0-4F6F-9493-736C2E9BE8E3}.Debug|Win32.ActiveCfg = Debug|Win32
		{A70B8C0E-10C0-4F6F-9493-736C2E9BE8E3}.Debug|Win32.Build.0 = Debug|Win32
		{A70B8C0E-10C0-4F6F-9493-736C2E9BE8E3}.Release|Win32.ActiveCfg = Release|Win32
		{A70B8C0E-10C0-4F6F-9493-736C2E9BE8E3}.Release|Win32.Build.0 = Release|Win32
	EndGlobalSection
	GlobalSection(SolutionProperties) = preSolution
		HideSolutionNode = FALSE
	EndGlobalSection
EndGlobal
